
Microsoft Visual Studio Solution File, Format Version 12.00
# Visual Studio Version 16
VisualStudioVersion = 16.0.30503.244
MinimumVisualStudioVersion = 10.0.40219.1
Project("{2150E333-8FDC-42A3-9474-1A3956D46DE8}") = "Documents", "Documents", "{9BAA308C-D3B9-43E5-9DC5-F51A193EB53D}"
	ProjectSection(SolutionItems) = preProject
		Instructions.md = Instructions.md
		Readme.md = Readme.md
	EndProjectSection
EndProject
Project("{6EC3EE1D-3C4E-46DD-8F32-0CC8E7565705}") = "MarsRover.Prototype", "MarsRover.Prototype\MarsRover.Prototype.fsproj", "{2746B6CF-69FD-43C1-A2EB-16306AC38B6C}"
EndProject
Project("{9A19103F-16F7-4668-BE54-9A1E7A4F7556}") = "MarsRover.CSharp", "MarsRover.CSharp\MarsRover.CSharp.csproj", "{BBD8FB23-B2A2-4B5E-BF56-57501D270B2E}"
EndProject
Project("{9A19103F-16F7-4668-BE54-9A1E7A4F7556}") = "MarsRover.CSharp.Tests", "MarsRover.CSharp.Tests\MarsRover.CSharp.Tests.csproj", "{DE989EF6-7F87-49D6-A3FC-7484766EF4D9}"
EndProject
Global
	GlobalSection(SolutionConfigurationPlatforms) = preSolution
		Debug|Any CPU = Debug|Any CPU
		Release|Any CPU = Release|Any CPU
	EndGlobalSection
	GlobalSection(ProjectConfigurationPlatforms) = postSolution
		{2746B6CF-69FD-43C1-A2EB-16306AC38B6C}.Debug|Any CPU.ActiveCfg = Debug|Any CPU
		{2746B6CF-69FD-43C1-A2EB-16306AC38B6C}.Debug|Any CPU.Build.0 = Debug|Any CPU
		{2746B6CF-69FD-43C1-A2EB-16306AC38B6C}.Release|Any CPU.ActiveCfg = Release|Any CPU
		{2746B6CF-69FD-43C1-A2EB-16306AC38B6C}.Release|Any CPU.Build.0 = Release|Any CPU
		{BBD8FB23-B2A2-4B5E-BF56-57501D270B2E}.Debug|Any CPU.ActiveCfg = Debug|Any CPU
		{BBD8FB23-B2A2-4B5E-BF56-57501D270B2E}.Debug|Any CPU.Build.0 = Debug|Any CPU
		{BBD8FB23-B2A2-4B5E-BF56-57501D270B2E}.Release|Any CPU.ActiveCfg = Release|Any CPU
		{BBD8FB23-B2A2-4B5E-BF56-57501D270B2E}.Release|Any CPU.Build.0 = Release|Any CPU
		{DE989EF6-7F87-49D6-A3FC-7484766EF4D9}.Debug|Any CPU.ActiveCfg = Debug|Any CPU
		{DE989EF6-7F87-49D6-A3FC-7484766EF4D9}.Debug|Any CPU.Build.0 = Debug|Any CPU
		{DE989EF6-7F87-49D6-A3FC-7484766EF4D9}.Release|Any CPU.ActiveCfg = Release|Any CPU
		{DE989EF6-7F87-49D6-A3FC-7484766EF4D9}.Release|Any CPU.Build.0 = Release|Any CPU
	EndGlobalSection
	GlobalSection(SolutionProperties) = preSolution
		HideSolutionNode = FALSE
	EndGlobalSection
	GlobalSection(ExtensibilityGlobals) = postSolution
		SolutionGuid = {730FD2E5-D430-4F55-82FA-E4E88A10DC5C}
	EndGlobalSection
EndGlobal
